
Microsoft Visual Studio Solution File, Format Version 12.00
# Visual Studio Version 17
VisualStudioVersion = 17.3.32922.545
MinimumVisualStudioVersion = 10.0.40219.1
Project("{9A19103F-16F7-4668-BE54-9A1E7A4F7556}") = "ClassIntro", "ClassIntro\ClassIntro.csproj", "{A555A429-C9D9-40C9-8164-D05C1E77A082}"
EndProject
Project("{9A19103F-16F7-4668-BE54-9A1E7A4F7556}") = "Metotlar", "Metotlar\Metotlar.csproj", "{EACB0218-06FB-4790-A62C-AC21FFF8AC74}"
EndProject
Project("{FAE04EC0-301F-11D3-BF4B-00C04F79EFBC}") = "DegerVeReferansTipler", "DegerVeReferansTipler\DegerVeReferansTipler.csproj", "{17AA40B3-FE9B-4271-AE1E-41C0C6149C6D}"
EndProject
Global
	GlobalSection(SolutionConfigurationPlatforms) = preSolution
		Debug|Any CPU = Debug|Any CPU
		Release|Any CPU = Release|Any CPU
	EndGlobalSection
	GlobalSection(ProjectConfigurationPlatforms) = postSolution
		{A555A429-C9D9-40C9-8164-D05C1E77A082}.Debug|Any CPU.ActiveCfg = Debug|Any CPU
		{A555A429-C9D9-40C9-8164-D05C1E77A082}.Debug|Any CPU.Build.0 = Debug|Any CPU
		{A555A429-C9D9-40C9-8164-D05C1E77A082}.Release|Any CPU.ActiveCfg = Release|Any CPU
		{A555A429-C9D9-40C9-8164-D05C1E77A082}.Release|Any CPU.Build.0 = Release|Any CPU
		{EACB0218-06FB-4790-A62C-AC21FFF8AC74}.Debug|Any CPU.ActiveCfg = Debug|Any CPU
		{EACB0218-06FB-4790-A62C-AC21FFF8AC74}.Debug|Any CPU.Build.0 = Debug|Any CPU
		{EACB0218-06FB-4790-A62C-AC21FFF8AC74}.Release|Any CPU.ActiveCfg = Release|Any CPU
		{EACB0218-06FB-4790-A62C-AC21FFF8AC74}.Release|Any CPU.Build.0 = Release|Any CPU
		{17AA40B3-FE9B-4271-AE1E-41C0C6149C6D}.Debug|Any CPU.ActiveCfg = Debug|Any CPU
		{17AA40B3-FE9B-4271-AE1E-41C0C6149C6D}.Debug|Any CPU.Build.0 = Debug|Any CPU
		{17AA40B3-FE9B-4271-AE1E-41C0C6149C6D}.Release|Any CPU.ActiveCfg = Release|Any CPU
		{17AA40B3-FE9B-4271-AE1E-41C0C6149C6D}.Release|Any CPU.Build.0 = Release|Any CPU
	EndGlobalSection
	GlobalSection(SolutionProperties) = preSolution
		HideSolutionNode = FALSE
	EndGlobalSection
	GlobalSection(ExtensibilityGlobals) = postSolution
		SolutionGuid = {B7CA3853-A291-45BD-A5A8-4359980520E4}
	EndGlobalSection
EndGlobal
